
Microsoft Visual Studio Solution File, Format Version 12.00
# Visual Studio Version 16
VisualStudioVersion = 16.0.33214.272
MinimumVisualStudioVersion = 10.0.40219.1
Project("{FAE04EC0-301F-11D3-BF4B-00C04F79EFBC}") = "LR10", "LR10\LR10.csproj", "{DD55E389-75FF-4C58-9234-A867F1C5004F}"
EndProject
Global
	GlobalSection(SolutionConfigurationPlatforms) = preSolution
		Debug|Any CPU = Debug|Any CPU
		Release|Any CPU = Release|Any CPU
	EndGlobalSection
	GlobalSection(ProjectConfigurationPlatforms) = postSolution
		{DD55E389-75FF-4C58-9234-A867F1C5004F}.Debug|Any CPU.ActiveCfg = Debug|Any CPU
		{DD55E389-75FF-4C58-9234-A867F1C5004F}.Debug|Any CPU.Build.0 = Debug|Any CPU
		{DD55E389-75FF-4C58-9234-A867F1C5004F}.Release|Any CPU.ActiveCfg = Release|Any CPU
		{DD55E389-75FF-4C58-9234-A867F1C5004F}.Release|Any CPU.Build.0 = Release|Any CPU
	EndGlobalSection
	GlobalSection(SolutionProperties) = preSolution
		HideSolutionNode = FALSE
	EndGlobalSection
	GlobalSection(ExtensibilityGlobals) = postSolution
		SolutionGuid = {68C0FBC2-92E3-4C29-BA54-7EE1B3B658D6}
	EndGlobalSection
EndGlobal
